// !$*UTF8*$!
{
	archiveVersion = 1;
	classes = {
	};
	objectVersion = 56;
	objects = {

/* Begin PBXBuildFile section */
		7581077F2B4F518F0090D8CD /* ItemsTableViewController.swift in Sources */ = {isa = PBXBuildFile; fileRef = 7581077E2B4F518F0090D8CD /* ItemsTableViewController.swift */; };
		75FDF1612B4B290D00E1460A /* AppDelegate.swift in Sources */ = {isa = PBXBuildFile; fileRef = 75FDF1602B4B290D00E1460A /* AppDelegate.swift */; };
		75FDF1632B4B290D00E1460A /* SceneDelegate.swift in Sources */ = {isa = PBXBuildFile; fileRef = 75FDF1622B4B290D00E1460A /* SceneDelegate.swift */; };
		75FDF1682B4B290D00E1460A /* Main.storyboard in Resources */ = {isa = PBXBuildFile; fileRef = 75FDF1662B4B290D00E1460A /* Main.storyboard */; };
		75FDF16B2B4B290D00E1460A /* Todoshka.xcdatamodeld in Sources */ = {isa = PBXBuildFile; fileRef = 75FDF1692B4B290D00E1460A /* Todoshka.xcdatamodeld */; };
		75FDF16D2B4B290E00E1460A /* Assets.xcassets in Resources */ = {isa = PBXBuildFile; fileRef = 75FDF16C2B4B290E00E1460A /* Assets.xcassets */; };
		75FDF1702B4B290E00E1460A /* LaunchScreen.storyboard in Resources */ = {isa = PBXBuildFile; fileRef = 75FDF16E2B4B290E00E1460A /* LaunchScreen.storyboard */; };
		75FDF17A2B4B2BCB00E1460A /* CategoryTableViewController.swift in Sources */ = {isa = PBXBuildFile; fileRef = 75FDF1792B4B2BCB00E1460A /* CategoryTableViewController.swift */; };
/* End PBXBuildFile section */

/* Begin PBXFileReference section */
		7581077E2B4F518F0090D8CD /* ItemsTableViewController.swift */ = {isa = PBXFileReference; lastKnownFileType = sourcecode.swift; path = ItemsTableViewController.swift; sourceTree = "<group>"; };
		75FDF15D2B4B290D00E1460A /* Todoshka.app */ = {isa = PBXFileReference; explicitFileType = wrapper.application; includeInIndex = 0; path = Todoshka.app; sourceTree = BUILT_PRODUCTS_DIR; };
		75FDF1602B4B290D00E1460A /* AppDelegate.swift */ = {isa = PBXFileReference; lastKnownFileType = sourcecode.swift; path = AppDelegate.swift; sourceTree = "<group>"; };
		75FDF1622B4B290D00E1460A /* SceneDelegate.swift */ = {isa = PBXFileReference; lastKnownFileType = sourcecode.swift; path = SceneDelegate.swift; sourceTree = "<group>"; };
		75FDF1672B4B290D00E1460A /* Base */ = {isa = PBXFileReference; lastKnownFileType = file.storyboard; name = Base; path = Base.lproj/Main.storyboard; sourceTree = "<group>"; };
		75FDF16A2B4B290D00E1460A /* Todoshka.xcdatamodel */ = {isa = PBXFileReference; lastKnownFileType = wrapper.xcdatamodel; path = Todoshka.xcdatamodel; sourceTree = "<group>"; };
		75FDF16C2B4B290E00E1460A /* Assets.xcassets */ = {isa = PBXFileReference; lastKnownFileType = folder.assetcatalog; path = Assets.xcassets; sourceTree = "<group>"; };
		75FDF16F2B4B290E00E1460A /* Base */ = {isa = PBXFileReference; lastKnownFileType = file.storyboard; name = Base; path = Base.lproj/LaunchScreen.storyboard; sourceTree = "<group>"; };
		75FDF1712B4B290E00E1460A /* Info.plist */ = {isa = PBXFileReference; lastKnownFileType = text.plist.xml; path = Info.plist; sourceTree = "<group>"; };
		75FDF1792B4B2BCB00E1460A /* CategoryTableViewController.swift */ = {isa = PBXFileReference; lastKnownFileType = sourcecode.swift; path = CategoryTableViewController.swift; sourceTree = "<group>"; };
/* End PBXFileReference section */

/* Begin PBXFrameworksBuildPhase section */
		75FDF15A2B4B290C00E1460A /* Frameworks */ = {
			isa = PBXFrameworksBuildPhase;
			buildActionMask = 2147483647;
			files = (
			);
			runOnlyForDeploymentPostprocessing = 0;
		};
/* End PBXFrameworksBuildPhase section */

/* Begin PBXGroup section */
		75FDF1542B4B290C00E1460A = {
			isa = PBXGroup;
			children = (
				75FDF15F2B4B290D00E1460A /* Todoshka */,
				75FDF15E2B4B290D00E1460A /* Products */,
			);
			sourceTree = "<group>";
		};
		75FDF15E2B4B290D00E1460A /* Products */ = {
			isa = PBXGroup;
			children = (
				75FDF15D2B4B290D00E1460A /* Todoshka.app */,
			);
			name = Products;
			sourceTree = "<group>";
		};
		75FDF15F2B4B290D00E1460A /* Todoshka */ = {
			isa = PBXGroup;
			children = (
				75FDF1602B4B290D00E1460A /* AppDelegate.swift */,
				75FDF1622B4B290D00E1460A /* SceneDelegate.swift */,
				75FDF17B2B4B2C4000E1460A /* Models */,
				75FDF1782B4B296A00E1460A /* Views */,
				75FDF1772B4B295A00E1460A /* Controllers */,
				75FDF16C2B4B290E00E1460A /* Assets.xcassets */,
				75FDF1712B4B290E00E1460A /* Info.plist */,
			);
			path = Todoshka;
			sourceTree = "<group>";
		};
		75FDF1772B4B295A00E1460A /* Controllers */ = {
			isa = PBXGroup;
			children = (
				75FDF1792B4B2BCB00E1460A /* CategoryTableViewController.swift */,
				7581077E2B4F518F0090D8CD /* ItemsTableViewController.swift */,
			);
			path = Controllers;
			sourceTree = "<group>";
		};
		75FDF1782B4B296A00E1460A /* Views */ = {
			isa = PBXGroup;
			children = (
				75FDF1662B4B290D00E1460A /* Main.storyboard */,
				75FDF16E2B4B290E00E1460A /* LaunchScreen.storyboard */,
			);
			path = Views;
			sourceTree = "<group>";
		};
		75FDF17B2B4B2C4000E1460A /* Models */ = {
			isa = PBXGroup;
			children = (
				75FDF1692B4B290D00E1460A /* Todoshka.xcdatamodeld */,
			);
			path = Models;
			sourceTree = "<group>";
		};
/* End PBXGroup section */

/* Begin PBXNativeTarget section */
		75FDF15C2B4B290C00E1460A /* Todoshka */ = {
			isa = PBXNativeTarget;
			buildConfigurationList = 75FDF1742B4B290E00E1460A /* Build configuration list for PBXNativeTarget "Todoshka" */;
			buildPhases = (
				75FDF1592B4B290C00E1460A /* Sources */,
				75FDF15A2B4B290C00E1460A /* Frameworks */,
				75FDF15B2B4B290C00E1460A /* Resources */,
			);
			buildRules = (
			);
			dependencies = (
			);
			name = Todoshka;
			productName = Todoshka;
			productReference = 75FDF15D2B4B290D00E1460A /* Todoshka.app */;
			productType = "com.apple.product-type.application";
		};
/* End PBXNativeTarget section */

/* Begin PBXProject section */
		75FDF1552B4B290C00E1460A /* Project object */ = {
			isa = PBXProject;
			attributes = {
				BuildIndependentTargetsInParallel = 1;
				LastSwiftUpdateCheck = 1510;
				LastUpgradeCheck = 1510;
				TargetAttributes = {
					75FDF15C2B4B290C00E1460A = {
						CreatedOnToolsVersion = 15.1;
					};
				};
			};
			buildConfigurationList = 75FDF1582B4B290C00E1460A /* Build configuration list for PBXProject "Todoshka" */;
			compatibilityVersion = "Xcode 14.0";
			developmentRegion = en;
			hasScannedForEncodings = 0;
			knownRegions = (
				en,
				Base,
			);
			mainGroup = 75FDF1542B4B290C00E1460A;
			productRefGroup = 75FDF15E2B4B290D00E1460A /* Products */;
			projectDirPath = "";
			projectRoot = "";
			targets = (
				75FDF15C2B4B290C00E1460A /* Todoshka */,
			);
		};
/* End PBXProject section */

/* Begin PBXResourcesBuildPhase section */
		75FDF15B2B4B290C00E1460A /* Resources */ = {
			isa = PBXResourcesBuildPhase;
			buildActionMask = 2147483647;
			files = (
				75FDF1702B4B290E00E1460A /* LaunchScreen.storyboard in Resources */,
				75FDF16D2B4B290E00E1460A /* Assets.xcassets in Resources */,
				75FDF1682B4B290D00E1460A /* Main.storyboard in Resources */,
			);
			runOnlyForDeploymentPostprocessing = 0;
		};
/* End PBXResourcesBuildPhase section */

/* Begin PBXSourcesBuildPhase section */
		75FDF1592B4B290C00E1460A /* Sources */ = {
			isa = PBXSourcesBuildPhase;
			buildActionMask = 2147483647;
			files = (
				75FDF1612B4B290D00E1460A /* AppDelegate.swift in Sources */,
				75FDF16B2B4B290D00E1460A /* Todoshka.xcdatamodeld in Sources */,
				7581077F2B4F518F0090D8CD /* ItemsTableViewController.swift in Sources */,
				75FDF1632B4B290D00E1460A /* SceneDelegate.swift in Sources */,
				75FDF17A2B4B2BCB00E1460A /* CategoryTableViewController.swift in Sources */,
			);
			runOnlyForDeploymentPostprocessing = 0;
		};
/* End PBXSourcesBuildPhase section */

/* Begin PBXVariantGroup section */
		75FDF1662B4B290D00E1460A /* Main.storyboard */ = {
			isa = PBXVariantGroup;
			children = (
				75FDF1672B4B290D00E1460A /* Base */,
			);
			name = Main.storyboard;
			sourceTree = "<group>";
		};
		75FDF16E2B4B290E00E1460A /* LaunchScreen.storyboard */ = {
			isa = PBXVariantGroup;
			children = (
				75FDF16F2B4B290E00E1460A /* Base */,
			);
			name = LaunchScreen.storyboard;
			sourceTree = "<group>";
		};
/* End PBXVariantGroup section */

/* Begin XCBuildConfiguration section */
		75FDF1722B4B290E00E1460A /* Debug */ = {
			isa = XCBuildConfiguration;
			buildSettings = {
				ALWAYS_SEARCH_USER_PATHS = NO;
				ASSETCATALOG_COMPILER_GENERATE_SWIFT_ASSET_SYMBOL_EXTENSIONS = YES;
				CLANG_ANALYZER_NONNULL = YES;
				CLANG_ANALYZER_NUMBER_OBJECT_CONVERSION = YES_AGGRESSIVE;
				CLANG_CXX_LANGUAGE_STANDARD = "gnu++20";
				CLANG_ENABLE_MODULES = YES;
				CLANG_ENABLE_OBJC_ARC = YES;
				CLANG_ENABLE_OBJC_WEAK = YES;
				CLANG_WARN_BLOCK_CAPTURE_AUTORELEASING = YES;
				CLANG_WARN_BOOL_CONVERSION = YES;
				CLANG_WARN_COMMA = YES;
				CLANG_WARN_CONSTANT_CONVERSION = YES;
				CLANG_WARN_DEPRECATED_OBJC_IMPLEMENTATIONS = YES;
				CLANG_WARN_DIRECT_OBJC_ISA_USAGE = YES_ERROR;
				CLANG_WARN_DOCUMENTATION_COMMENTS = YES;
				CLANG_WARN_EMPTY_BODY = YES;
				CLANG_WARN_ENUM_CONVERSION = YES;
				CLANG_WARN_INFINITE_RECURSION = YES;
				CLANG_WARN_INT_CONVERSION = YES;
				CLANG_WARN_NON_LITERAL_NULL_CONVERSION = YES;
				CLANG_WARN_OBJC_IMPLICIT_RETAIN_SELF = YES;
				CLANG_WARN_OBJC_LITERAL_CONVERSION = YES;
				CLANG_WARN_OBJC_ROOT_CLASS = YES_ERROR;
				CLANG_WARN_QUOTED_INCLUDE_IN_FRAMEWORK_HEADER = YES;
				CLANG_WARN_RANGE_LOOP_ANALYSIS = YES;
				CLANG_WARN_STRICT_PROTOTYPES = YES;
				CLANG_WARN_SUSPICIOUS_MOVE = YES;
				CLANG_WARN_UNGUARDED_AVAILABILITY = YES_AGGRESSIVE;
				CLANG_WARN_UNREACHABLE_CODE = YES;
				CLANG_WARN__DUPLICATE_METHOD_MATCH = YES;
				COPY_PHASE_STRIP = NO;
				DEBUG_INFORMATION_FORMAT = dwarf;
				ENABLE_STRICT_OBJC_MSGSEND = YES;
				ENABLE_TESTABILITY = YES;
				ENABLE_USER_SCRIPT_SANDBOXING = YES;
				GCC_C_LANGUAGE_STANDARD = gnu17;
				GCC_DYNAMIC_NO_PIC = NO;
				GCC_NO_COMMON_BLOCKS = YES;
				GCC_OPTIMIZATION_LEVEL = 0;
				GCC_PREPROCESSOR_DEFINITIONS = (
					"DEBUG=1",
					"$(inherited)",
				);
				GCC_WARN_64_TO_32_BIT_CONVERSION = YES;
				GCC_WARN_ABOUT_RETURN_TYPE = YES_ERROR;
				GCC_WARN_UNDECLARED_SELECTOR = YES;
				GCC_WARN_UNINITIALIZED_AUTOS = YES_AGGRESSIVE;
				GCC_WARN_UNUSED_FUNCTION = YES;
				GCC_WARN_UNUSED_VARIABLE = YES;
				IPHONEOS_DEPLOYMENT_TARGET = 17.2;
				LOCALIZATION_PREFERS_STRING_CATALOGS = YES;
				MTL_ENABLE_DEBUG_INFO = INCLUDE_SOURCE;
				MTL_FAST_MATH = YES;
				ONLY_ACTIVE_ARCH = YES;
				SDKROOT = iphoneos;
				SWIFT_ACTIVE_COMPILATION_CONDITIONS = "DEBUG $(inherited)";
				SWIFT_OPTIMIZATION_LEVEL = "-Onone";
			};
			name = Debug;
		};
		75FDF1732B4B290E00E1460A /* Release */ = {
			isa = XCBuildConfiguration;
			buildSettings = {
				ALWAYS_SEARCH_USER_PATHS = NO;
				ASSETCATALOG_COMPILER_GENERATE_SWIFT_ASSET_SYMBOL_EXTENSIONS = YES;
				CLANG_ANALYZER_NONNULL = YES;
				CLANG_ANALYZER_NUMBER_OBJECT_CONVERSION = YES_AGGRESSIVE;
				CLANG_CXX_LANGUAGE_STANDARD = "gnu++20";
				CLANG_ENABLE_MODULES = YES;
				CLANG_ENABLE_OBJC_ARC = YES;
				CLANG_ENABLE_OBJC_WEAK = YES;
				CLANG_WARN_BLOCK_CAPTURE_AUTORELEASING = YES;
				CLANG_WARN_BOOL_CONVERSION = YES;
				CLANG_WARN_COMMA = YES;
				CLANG_WARN_CONSTANT_CONVERSION = YES;
				CLANG_WARN_DEPRECATED_OBJC_IMPLEMENTATIONS = YES;
				CLANG_WARN_DIRECT_OBJC_ISA_USAGE = YES_ERROR;
				CLANG_WARN_DOCUMENTATION_COMMENTS = YES;
				CLANG_WARN_EMPTY_BODY = YES;
				CLANG_WARN_ENUM_CONVERSION = YES;
				CLANG_WARN_INFINITE_RECURSION = YES;
				CLANG_WARN_INT_CONVERSION = YES;
				CLANG_WARN_NON_LITERAL_NULL_CONVERSION = YES;
				CLANG_WARN_OBJC_IMPLICIT_RETAIN_SELF = YES;
				CLANG_WARN_OBJC_LITERAL_CONVERSION = YES;
				CLANG_WARN_OBJC_ROOT_CLASS = YES_ERROR;
				CLANG_WARN_QUOTED_INCLUDE_IN_FRAMEWORK_HEADER = YES;
				CLANG_WARN_RANGE_LOOP_ANALYSIS = YES;
				CLANG_WARN_STRICT_PROTOTYPES = YES;
				CLANG_WARN_SUSPICIOUS_MOVE = YES;
				CLANG_WARN_UNGUARDED_AVAILABILITY = YES_AGGRESSIVE;
				CLANG_WARN_UNREACHABLE_CODE = YES;
				CLANG_WARN__DUPLICATE_METHOD_MATCH = YES;
				COPY_PHASE_STRIP = NO;
				DEBUG_INFORMATION_FORMAT = "dwarf-with-dsym";
				ENABLE_NS_ASSERTIONS = NO;
				ENABLE_STRICT_OBJC_MSGSEND = YES;
				ENABLE_USER_SCRIPT_SANDBOXING = YES;
				GCC_C_LANGUAGE_STANDARD = gnu17;
				GCC_NO_COMMON_BLOCKS = YES;
				GCC_WARN_64_TO_32_BIT_CONVERSION = YES;
				GCC_WARN_ABOUT_RETURN_TYPE = YES_ERROR;
				GCC_WARN_UNDECLARED_SELECTOR = YES;
				GCC_WARN_UNINITIALIZED_AUTOS = YES_AGGRESSIVE;
				GCC_WARN_UNUSED_FUNCTION = YES;
				GCC_WARN_UNUSED_VARIABLE = YES;
				IPHONEOS_DEPLOYMENT_TARGET = 17.2;
				LOCALIZATION_PREFERS_STRING_CATALOGS = YES;
				MTL_ENABLE_DEBUG_INFO = NO;
				MTL_FAST_MATH = YES;
				SDKROOT = iphoneos;
				SWIFT_COMPILATION_MODE = wholemodule;
				VALIDATE_PRODUCT = YES;
			};
			name = Release;
		};
		75FDF1752B4B290E00E1460A /* Debug */ = {
			isa = XCBuildConfiguration;
			buildSettings = {
				ASSETCATALOG_COMPILER_APPICON_NAME = AppIcon;
				ASSETCATALOG_COMPILER_GLOBAL_ACCENT_COLOR_NAME = AccentColor;
				CODE_SIGN_STYLE = Automatic;
				CURRENT_PROJECT_VERSION = 1;
				DEVELOPMENT_TEAM = Y28ANL9BKG;
				GENERATE_INFOPLIST_FILE = YES;
				INFOPLIST_FILE = Todoshka/Info.plist;
				INFOPLIST_KEY_UIApplicationSupportsIndirectInputEvents = YES;
				INFOPLIST_KEY_UILaunchStoryboardName = LaunchScreen;
				INFOPLIST_KEY_UIMainStoryboardFile = Main;
				INFOPLIST_KEY_UISupportedInterfaceOrientations = UIInterfaceOrientationPortrait;
				INFOPLIST_KEY_UISupportedInterfaceOrientations_iPad = "UIInterfaceOrientationLandscapeLeft UIInterfaceOrientationLandscapeRight UIInterfaceOrientationPortrait UIInterfaceOrientationPortraitUpsideDown";
				IPHONEOS_DEPLOYMENT_TARGET = 16.3;
				LD_RUNPATH_SEARCH_PATHS = (
					"$(inherited)",
					"@executable_path/Frameworks",
				);
				MARKETING_VERSION = 1.0;
				PRODUCT_BUNDLE_IDENTIFIER = ee.asquare.Todoshka;
				PRODUCT_NAME = "$(TARGET_NAME)";
				SUPPORTED_PLATFORMS = "iphoneos iphonesimulator";
				SUPPORTS_MACCATALYST = NO;
				SUPPORTS_MAC_DESIGNED_FOR_IPHONE_IPAD = NO;
				SWIFT_EMIT_LOC_STRINGS = YES;
				SWIFT_VERSION = 5.0;
				TARGETED_DEVICE_FAMILY = 1;
			};
			name = Debug;
		};
		75FDF1762B4B290E00E1460A /* Release */ = {
			isa = XCBuildConfiguration;
			buildSettings = {
				ASSETCATALOG_COMPILER_APPICON_NAME = AppIcon;
				ASSETCATALOG_COMPILER_GLOBAL_ACCENT_COLOR_NAME = AccentColor;
				CODE_SIGN_STYLE = Automatic;
				CURRENT_PROJECT_VERSION = 1;
				DEVELOPMENT_TEAM = Y28ANL9BKG;
				GENERATE_INFOPLIST_FILE = YES;
				INFOPLIST_FILE = Todoshka/Info.plist;
				INFOPLIST_KEY_UIApplicationSupportsIndirectInputEvents = YES;
				INFOPLIST_KEY_UILaunchStoryboardName = LaunchScreen;
				INFOPLIST_KEY_UIMainStoryboardFile = Main;
				INFOPLIST_KEY_UISupportedInterfaceOrientations = UIInterfaceOrientationPortrait;
				INFOPLIST_KEY_UISupportedInterfaceOrientations_iPad = "UIInterfaceOrientationLandscapeLeft UIInterfaceOrientationLandscapeRight UIInterfaceOrientationPortrait UIInterfaceOrientationPortraitUpsideDown";
				IPHONEOS_DEPLOYMENT_TARGET = 16.3;
				LD_RUNPATH_SEARCH_PATHS = (
					"$(inherited)",
					"@executable_path/Frameworks",
				);
				MARKETING_VERSION = 1.0;
				PRODUCT_BUNDLE_IDENTIFIER = ee.asquare.Todoshka;
				PRODUCT_NAME = "$(TARGET_NAME)";
				SUPPORTED_PLATFORMS = "iphoneos iphonesimulator";
				SUPPORTS_MACCATALYST = NO;
				SUPPORTS_MAC_DESIGNED_FOR_IPHONE_IPAD = NO;
				SWIFT_EMIT_LOC_STRINGS = YES;
				SWIFT_VERSION = 5.0;
				TARGETED_DEVICE_FAMILY = 1;
			};
			name = Release;
		};
/* End XCBuildConfiguration section */

/* Begin XCConfigurationList section */
		75FDF1582B4B290C00E1460A /* Build configuration list for PBXProject "Todoshka" */ = {
			isa = XCConfigurationList;
			buildConfigurations = (
				75FDF1722B4B290E00E1460A /* Debug */,
				75FDF1732B4B290E00E1460A /* Release */,
			);
			defaultConfigurationIsVisible = 0;
			defaultConfigurationName = Release;
		};
		75FDF1742B4B290E00E1460A /* Build configuration list for PBXNativeTarget "Todoshka" */ = {
			isa = XCConfigurationList;
			buildConfigurations = (
				75FDF1752B4B290E00E1460A /* Debug */,
				75FDF1762B4B290E00E1460A /* Release */,
			);
			defaultConfigurationIsVisible = 0;
			defaultConfigurationName = Release;
		};
/* End XCConfigurationList section */

/* Begin XCVersionGroup section */
		75FDF1692B4B290D00E1460A /* Todoshka.xcdatamodeld */ = {
			isa = XCVersionGroup;
			children = (
				75FDF16A2B4B290D00E1460A /* Todoshka.xcdatamodel */,
			);
			currentVersion = 75FDF16A2B4B290D00E1460A /* Todoshka.xcdatamodel */;
			path = Todoshka.xcdatamodeld;
			sourceTree = "<group>";
			versionGroupType = wrapper.xcdatamodel;
		};
/* End XCVersionGroup section */
	};
	rootObject = 75FDF1552B4B290C00E1460A /* Project object */;
}
